// !$*UTF8*$!
{
	archiveVersion = 1;
	classes = {
	};
	objectVersion = 46;
	objects = {

/* Begin PBXBuildFile section */
		29DC01F61B40583D00C3F5B7 /* main.m in Sources */ = {isa = PBXBuildFile; fileRef = 29DC01F51B40583D00C3F5B7 /* main.m */; };
		29DC01FE1B425CBF00C3F5B7 /* Item.m in Sources */ = {isa = PBXBuildFile; fileRef = 29DC01FD1B425CBF00C3F5B7 /* Item.m */; };
		29DC02011B425D1F00C3F5B7 /* List.m in Sources */ = {isa = PBXBuildFile; fileRef = 29DC02001B425D1F00C3F5B7 /* List.m */; };
		29DC02041B425D8700C3F5B7 /* ListManager.m in Sources */ = {isa = PBXBuildFile; fileRef = 29DC02031B425D8700C3F5B7 /* ListManager.m */; };
/* End PBXBuildFile section */

/* Begin PBXCopyFilesBuildPhase section */
		29DC01F01B40583D00C3F5B7 /* CopyFiles */ = {
			isa = PBXCopyFilesBuildPhase;
			buildActionMask = 2147483647;
			dstPath = /usr/share/man/man1/;
			dstSubfolderSpec = 0;
			files = (
			);
			runOnlyForDeploymentPostprocessing = 1;
		};
/* End PBXCopyFilesBuildPhase section */

/* Begin PBXFileReference section */
		29DC01F21B40583D00C3F5B7 /* toDoListFromScratchZoufAndAyuna */ = {isa = PBXFileReference; explicitFileType = "compiled.mach-o.executable"; includeInIndex = 0; path = toDoListFromScratchZoufAndAyuna; sourceTree = BUILT_PRODUCTS_DIR; };
		29DC01F51B40583D00C3F5B7 /* main.m */ = {isa = PBXFileReference; lastKnownFileType = sourcecode.c.objc; path = main.m; sourceTree = "<group>"; };
		29DC01FC1B425CBF00C3F5B7 /* Item.h */ = {isa = PBXFileReference; fileEncoding = 4; lastKnownFileType = sourcecode.c.h; path = Item.h; sourceTree = "<group>"; };
		29DC01FD1B425CBF00C3F5B7 /* Item.m */ = {isa = PBXFileReference; fileEncoding = 4; lastKnownFileType = sourcecode.c.objc; path = Item.m; sourceTree = "<group>"; };
		29DC01FF1B425D1F00C3F5B7 /* List.h */ = {isa = PBXFileReference; fileEncoding = 4; lastKnownFileType = sourcecode.c.h; path = List.h; sourceTree = "<group>"; };
		29DC02001B425D1F00C3F5B7 /* List.m */ = {isa = PBXFileReference; fileEncoding = 4; lastKnownFileType = sourcecode.c.objc; path = List.m; sourceTree = "<group>"; };
		29DC02021B425D8700C3F5B7 /* ListManager.h */ = {isa = PBXFileReference; fileEncoding = 4; lastKnownFileType = sourcecode.c.h; path = ListManager.h; sourceTree = "<group>"; };
		29DC02031B425D8700C3F5B7 /* ListManager.m */ = {isa = PBXFileReference; fileEncoding = 4; lastKnownFileType = sourcecode.c.objc; path = ListManager.m; sourceTree = "<group>"; };
/* End PBXFileReference section */

/* Begin PBXFrameworksBuildPhase section */
		29DC01EF1B40583D00C3F5B7 /* Frameworks */ = {
			isa = PBXFrameworksBuildPhase;
			buildActionMask = 2147483647;
			files = (
			);
			runOnlyForDeploymentPostprocessing = 0;
		};
/* End PBXFrameworksBuildPhase section */

/* Begin PBXGroup section */
		29DC01E91B40583D00C3F5B7 = {
			isa = PBXGroup;
			children = (
				29DC01F41B40583D00C3F5B7 /* toDoListFromScratchZoufAndAyuna */,
				29DC01F31B40583D00C3F5B7 /* Products */,
			);
			sourceTree = "<group>";
		};
		29DC01F31B40583D00C3F5B7 /* Products */ = {
			isa = PBXGroup;
			children = (
				29DC01F21B40583D00C3F5B7 /* toDoListFromScratchZoufAndAyuna */,
			);
			name = Products;
			sourceTree = "<group>";
		};
		29DC01F41B40583D00C3F5B7 /* toDoListFromScratchZoufAndAyuna */ = {
			isa = PBXGroup;
			children = (
				29DC01F51B40583D00C3F5B7 /* main.m */,
				29DC01FC1B425CBF00C3F5B7 /* Item.h */,
				29DC01FD1B425CBF00C3F5B7 /* Item.m */,
				29DC01FF1B425D1F00C3F5B7 /* List.h */,
				29DC02001B425D1F00C3F5B7 /* List.m */,
				29DC02021B425D8700C3F5B7 /* ListManager.h */,
				29DC02031B425D8700C3F5B7 /* ListManager.m */,
			);
			path = toDoListFromScratchZoufAndAyuna;
			sourceTree = "<group>";
		};
/* End PBXGroup section */

/* Begin PBXNativeTarget section */
		29DC01F11B40583D00C3F5B7 /* toDoListFromScratchZoufAndAyuna */ = {
			isa = PBXNativeTarget;
			buildConfigurationList = 29DC01F91B40583D00C3F5B7 /* Build configuration list for PBXNativeTarget "toDoListFromScratchZoufAndAyuna" */;
			buildPhases = (
				29DC01EE1B40583D00C3F5B7 /* Sources */,
				29DC01EF1B40583D00C3F5B7 /* Frameworks */,
				29DC01F01B40583D00C3F5B7 /* CopyFiles */,
			);
			buildRules = (
			);
			dependencies = (
			);
			name = toDoListFromScratchZoufAndAyuna;
			productName = toDoListFromScratchZoufAndAyuna;
			productReference = 29DC01F21B40583D00C3F5B7 /* toDoListFromScratchZoufAndAyuna */;
			productType = "com.apple.product-type.tool";
		};
/* End PBXNativeTarget section */

/* Begin PBXProject section */
		29DC01EA1B40583D00C3F5B7 /* Project object */ = {
			isa = PBXProject;
			attributes = {
				LastUpgradeCheck = 0630;
				ORGANIZATIONNAME = "Ayuna Vogel";
				TargetAttributes = {
					29DC01F11B40583D00C3F5B7 = {
						CreatedOnToolsVersion = 6.3.2;
					};
				};
			};
			buildConfigurationList = 29DC01ED1B40583D00C3F5B7 /* Build configuration list for PBXProject "toDoListFromScratchZoufAndAyuna" */;
			compatibilityVersion = "Xcode 3.2";
			developmentRegion = English;
			hasScannedForEncodings = 0;
			knownRegions = (
				en,
			);
			mainGroup = 29DC01E91B40583D00C3F5B7;
			productRefGroup = 29DC01F31B40583D00C3F5B7 /* Products */;
			projectDirPath = "";
			projectRoot = "";
			targets = (
				29DC01F11B40583D00C3F5B7 /* toDoListFromScratchZoufAndAyuna */,
			);
		};
/* End PBXProject section */

/* Begin PBXSourcesBuildPhase section */
		29DC01EE1B40583D00C3F5B7 /* Sources */ = {
			isa = PBXSourcesBuildPhase;
			buildActionMask = 2147483647;
			files = (
				29DC02011B425D1F00C3F5B7 /* List.m in Sources */,
				29DC01FE1B425CBF00C3F5B7 /* Item.m in Sources */,
				29DC01F61B40583D00C3F5B7 /* main.m in Sources */,
				29DC02041B425D8700C3F5B7 /* ListManager.m in Sources */,
			);
			runOnlyForDeploymentPostprocessing = 0;
		};
/* End PBXSourcesBuildPhase section */

/* Begin XCBuildConfiguration section */
		29DC01F71B40583D00C3F5B7 /* Debug */ = {
			isa = XCBuildConfiguration;
			buildSettings = {
				ALWAYS_SEARCH_USER_PATHS = NO;
				CLANG_CXX_LANGUAGE_STANDARD = "gnu++0x";
				CLANG_CXX_LIBRARY = "libc++";
				CLANG_ENABLE_MODULES = YES;
				CLANG_ENABLE_OBJC_ARC = YES;
				CLANG_WARN_BOOL_CONVERSION = YES;
				CLANG_WARN_CONSTANT_CONVERSION = YES;
				CLANG_WARN_DIRECT_OBJC_ISA_USAGE = YES_ERROR;
				CLANG_WARN_EMPTY_BODY = YES;
				CLANG_WARN_ENUM_CONVERSION = YES;
				CLANG_WARN_INT_CONVERSION = YES;
				CLANG_WARN_OBJC_ROOT_CLASS = YES_ERROR;
				CLANG_WARN_UNREACHABLE_CODE = YES;
				CLANG_WARN__DUPLICATE_METHOD_MATCH = YES;
				COPY_PHASE_STRIP = NO;
				DEBUG_INFORMATION_FORMAT = dwarf;
				ENABLE_STRICT_OBJC_MSGSEND = YES;
				GCC_C_LANGUAGE_STANDARD = gnu99;
				GCC_DYNAMIC_NO_PIC = NO;
				GCC_NO_COMMON_BLOCKS = YES;
				GCC_OPTIMIZATION_LEVEL = 0;
				GCC_PREPROCESSOR_DEFINITIONS = (
					"DEBUG=1",
					"$(inherited)",
				);
				GCC_SYMBOLS_PRIVATE_EXTERN = NO;
				GCC_WARN_64_TO_32_BIT_CONVERSION = YES;
				GCC_WARN_ABOUT_RETURN_TYPE = YES_ERROR;
				GCC_WARN_UNDECLARED_SELECTOR = YES;
				GCC_WARN_UNINITIALIZED_AUTOS = YES_AGGRESSIVE;
				GCC_WARN_UNUSED_FUNCTION = YES;
				GCC_WARN_UNUSED_VARIABLE = YES;
				MACOSX_DEPLOYMENT_TARGET = 10.10;
				MTL_ENABLE_DEBUG_INFO = YES;
				ONLY_ACTIVE_ARCH = YES;
				SDKROOT = macosx;
			};
			name = Debug;
		};
		29DC01F81B40583D00C3F5B7 /* Release */ = {
			isa = XCBuildConfiguration;
			buildSettings = {
				ALWAYS_SEARCH_USER_PATHS = NO;
				CLANG_CXX_LANGUAGE_STANDARD = "gnu++0x";
				CLANG_CXX_LIBRARY = "libc++";
				CLANG_ENABLE_MODULES = YES;
				CLANG_ENABLE_OBJC_ARC = YES;
				CLANG_WARN_BOOL_CONVERSION = YES;
				CLANG_WARN_CONSTANT_CONVERSION = YES;
				CLANG_WARN_DIRECT_OBJC_ISA_USAGE = YES_ERROR;
				CLANG_WARN_EMPTY_BODY = YES;
				CLANG_WARN_ENUM_CONVERSION = YES;
				CLANG_WARN_INT_CONVERSION = YES;
				CLANG_WARN_OBJC_ROOT_CLASS = YES_ERROR;
				CLANG_WARN_UNREACHABLE_CODE = YES;
				CLANG_WARN__DUPLICATE_METHOD_MATCH = YES;
				COPY_PHASE_STRIP = NO;
				DEBUG_INFORMATION_FORMAT = "dwarf-with-dsym";
				ENABLE_NS_ASSERTIONS = NO;
				ENABLE_STRICT_OBJC_MSGSEND = YES;
				GCC_C_LANGUAGE_STANDARD = gnu99;
				GCC_NO_COMMON_BLOCKS = YES;
				GCC_WARN_64_TO_32_BIT_CONVERSION = YES;
				GCC_WARN_ABOUT_RETURN_TYPE = YES_ERROR;
				GCC_WARN_UNDECLARED_SELECTOR = YES;
				GCC_WARN_UNINITIALIZED_AUTOS = YES_AGGRESSIVE;
				GCC_WARN_UNUSED_FUNCTION = YES;
				GCC_WARN_UNUSED_VARIABLE = YES;
				MACOSX_DEPLOYMENT_TARGET = 10.10;
				MTL_ENABLE_DEBUG_INFO = NO;
				SDKROOT = macosx;
			};
			name = Release;
		};
		29DC01FA1B40583D00C3F5B7 /* Debug */ = {
			isa = XCBuildConfiguration;
			buildSettings = {
				PRODUCT_NAME = "$(TARGET_NAME)";
			};
			name = Debug;
		};
		29DC01FB1B40583D00C3F5B7 /* Release */ = {
			isa = XCBuildConfiguration;
			buildSettings = {
				PRODUCT_NAME = "$(TARGET_NAME)";
			};
			name = Release;
		};
/* End XCBuildConfiguration section */

/* Begin XCConfigurationList section */
		29DC01ED1B40583D00C3F5B7 /* Build configuration list for PBXProject "toDoListFromScratchZoufAndAyuna" */ = {
			isa = XCConfigurationList;
			buildConfigurations = (
				29DC01F71B40583D00C3F5B7 /* Debug */,
				29DC01F81B40583D00C3F5B7 /* Release */,
			);
			defaultConfigurationIsVisible = 0;
			defaultConfigurationName = Release;
		};
		29DC01F91B40583D00C3F5B7 /* Build configuration list for PBXNativeTarget "toDoListFromScratchZoufAndAyuna" */ = {
			isa = XCConfigurationList;
			buildConfigurations = (
				29DC01FA1B40583D00C3F5B7 /* Debug */,
				29DC01FB1B40583D00C3F5B7 /* Release */,
			);
			defaultConfigurationIsVisible = 0;
			defaultConfigurationName = Release;
		};
/* End XCConfigurationList section */
	};
	rootObject = 29DC01EA1B40583D00C3F5B7 /* Project object */;
}
